
Microsoft Visual Studio Solution File, Format Version 12.00
# Visual Studio Version 17
VisualStudioVersion = 17.8.34330.188
MinimumVisualStudioVersion = 10.0.40219.1
Project("{8BC9CEB8-8B4A-11D0-8D11-00A0C91BC942}") = "SimpleMessageBox", "SimpleMessageBox.vcxproj", "{3A2D6BA6-40E3-4245-AF76-4D87FC56A54C}"
EndProject
Global
	GlobalSection(SolutionConfigurationPlatforms) = preSolution
		Debug|x64 = Debug|x64
		Debug|x86 = Debug|x86
		Release|x64 = Release|x64
		Release|x86 = Release|x86
	EndGlobalSection
	GlobalSection(ProjectConfigurationPlatforms) = postSolution
		{3A2D6BA6-40E3-4245-AF76-4D87FC56A54C}.Debug|x64.ActiveCfg = Debug|x64
		{3A2D6BA6-40E3-4245-AF76-4D87FC56A54C}.Debug|x64.Build.0 = Debug|x64
		{3A2D6BA6-40E3-4245-AF76-4D87FC56A54C}.Debug|x86.ActiveCfg = Debug|Win32
		{3A2D6BA6-40E3-4245-AF76-4D87FC56A54C}.Debug|x86.Build.0 = Debug|Win32
		{3A2D6BA6-40E3-4245-AF76-4D87FC56A54C}.Release|x64.ActiveCfg = Release|x64
		{3A2D6BA6-40E3-4245-AF76-4D87FC56A54C}.Release|x64.Build.0 = Release|x64
		{3A2D6BA6-40E3-4245-AF76-4D87FC56A54C}.Release|x86.ActiveCfg = Release|Win32
		{3A2D6BA6-40E3-4245-AF76-4D87FC56A54C}.Release|x86.Build.0 = Release|Win32
	EndGlobalSection
	GlobalSection(SolutionProperties) = preSolution
		HideSolutionNode = FALSE
	EndGlobalSection
	GlobalSection(ExtensibilityGlobals) = postSolution
		SolutionGuid = {0ADA081C-2A37-407B-BF56-23E9BF2E27C5}
	EndGlobalSection
EndGlobal
